
Microsoft Visual Studio Solution File, Format Version 12.00
# Visual Studio Version 17
VisualStudioVersion = 17.13.35825.156 d17.13
MinimumVisualStudioVersion = 10.0.40219.1
Project("{FAE04EC0-301F-11D3-BF4B-00C04F79EFBC}") = "SavorineStateful", "SavorineStateful\SavorineStateful.csproj", "{9B3EA9DC-6406-4C4C-AA76-C5A51B62938A}"
EndProject
Global
	GlobalSection(SolutionConfigurationPlatforms) = preSolution
		Debug|Any CPU = Debug|Any CPU
		Release|Any CPU = Release|Any CPU
	EndGlobalSection
	GlobalSection(ProjectConfigurationPlatforms) = postSolution
		{9B3EA9DC-6406-4C4C-AA76-C5A51B62938A}.Debug|Any CPU.ActiveCfg = Debug|Any CPU
		{9B3EA9DC-6406-4C4C-AA76-C5A51B62938A}.Debug|Any CPU.Build.0 = Debug|Any CPU
		{9B3EA9DC-6406-4C4C-AA76-C5A51B62938A}.Release|Any CPU.ActiveCfg = Release|Any CPU
		{9B3EA9DC-6406-4C4C-AA76-C5A51B62938A}.Release|Any CPU.Build.0 = Release|Any CPU
	EndGlobalSection
	GlobalSection(SolutionProperties) = preSolution
		HideSolutionNode = FALSE
	EndGlobalSection
	GlobalSection(ExtensibilityGlobals) = postSolution
		SolutionGuid = {E38636B1-CB5A-47C2-B5EA-602A1349133B}
	EndGlobalSection
EndGlobal
